
Microsoft Visual Studio Solution File, Format Version 12.00
# Visual Studio Version 17
VisualStudioVersion = 17.8.34322.80
MinimumVisualStudioVersion = 10.0.40219.1
Project("{FAE04EC0-301F-11D3-BF4B-00C04F79EFBC}") = "GuidGenerator", "GuidGenerator\GuidGenerator.csproj", "{2928DD11-66E9-4F33-86E6-07E27CD18B01}"
EndProject
Global
	GlobalSection(SolutionConfigurationPlatforms) = preSolution
		Debug|Any CPU = Debug|Any CPU
		Release|Any CPU = Release|Any CPU
	EndGlobalSection
	GlobalSection(ProjectConfigurationPlatforms) = postSolution
		{2928DD11-66E9-4F33-86E6-07E27CD18B01}.Debug|Any CPU.ActiveCfg = Debug|Any CPU
		{2928DD11-66E9-4F33-86E6-07E27CD18B01}.Debug|Any CPU.Build.0 = Debug|Any CPU
		{2928DD11-66E9-4F33-86E6-07E27CD18B01}.Release|Any CPU.ActiveCfg = Release|Any CPU
		{2928DD11-66E9-4F33-86E6-07E27CD18B01}.Release|Any CPU.Build.0 = Release|Any CPU
	EndGlobalSection
	GlobalSection(SolutionProperties) = preSolution
		HideSolutionNode = FALSE
	EndGlobalSection
	GlobalSection(ExtensibilityGlobals) = postSolution
		SolutionGuid = {5D7F533C-2B06-4B8C-9C4E-C373D859947E}
	EndGlobalSection
EndGlobal
